
Microsoft Visual Studio Solution File, Format Version 12.00
# Visual Studio Version 17
VisualStudioVersion = 17.7.34221.43
MinimumVisualStudioVersion = 10.0.40219.1
Project("{9A19103F-16F7-4668-BE54-9A1E7A4F7556}") = "WOD.WebUI", "HelloMvcApp\WOD.WebUI.csproj", "{57ED4482-0409-446A-BEB2-2B578FBCFD2A}"
	ProjectSection(ProjectDependencies) = postProject
		{289E1B40-BD5C-4725-8ABB-29A21A046C04} = {289E1B40-BD5C-4725-8ABB-29A21A046C04}
	EndProjectSection
EndProject
Project("{FAE04EC0-301F-11D3-BF4B-00C04F79EFBC}") = "WOD.Domain", "WOD.Domain\WOD.Domain.csproj", "{289E1B40-BD5C-4725-8ABB-29A21A046C04}"
EndProject
Global
	GlobalSection(SolutionConfigurationPlatforms) = preSolution
		Debug|Any CPU = Debug|Any CPU
		Release|Any CPU = Release|Any CPU
	EndGlobalSection
	GlobalSection(ProjectConfigurationPlatforms) = postSolution
		{57ED4482-0409-446A-BEB2-2B578FBCFD2A}.Debug|Any CPU.ActiveCfg = Debug|Any CPU
		{57ED4482-0409-446A-BEB2-2B578FBCFD2A}.Debug|Any CPU.Build.0 = Debug|Any CPU
		{57ED4482-0409-446A-BEB2-2B578FBCFD2A}.Release|Any CPU.ActiveCfg = Release|Any CPU
		{57ED4482-0409-446A-BEB2-2B578FBCFD2A}.Release|Any CPU.Build.0 = Release|Any CPU
		{289E1B40-BD5C-4725-8ABB-29A21A046C04}.Debug|Any CPU.ActiveCfg = Debug|Any CPU
		{289E1B40-BD5C-4725-8ABB-29A21A046C04}.Debug|Any CPU.Build.0 = Debug|Any CPU
		{289E1B40-BD5C-4725-8ABB-29A21A046C04}.Release|Any CPU.ActiveCfg = Release|Any CPU
		{289E1B40-BD5C-4725-8ABB-29A21A046C04}.Release|Any CPU.Build.0 = Release|Any CPU
	EndGlobalSection
	GlobalSection(SolutionProperties) = preSolution
		HideSolutionNode = FALSE
	EndGlobalSection
	GlobalSection(ExtensibilityGlobals) = postSolution
		SolutionGuid = {56D269C0-D479-4843-9227-AF5C53EFC8C8}
	EndGlobalSection
EndGlobal
